# THIS IS AN AUTOGENERATED FILE. DO NOT EDIT THIS FILE DIRECTLY.
# yarn lockfile v1


bootstrap@^4.0.0-beta:
  version "4.0.0-beta.3"
  resolved "https://registry.yarnpkg.com/bootstrap/-/bootstrap-4.0.0-beta.3.tgz#60f0660bc3d121176514b361f6f83201c7ff8874"

font-awesome@4.7.0:
  version "4.7.0"
  resolved "https://registry.yarnpkg.com/font-awesome/-/font-awesome-4.7.0.tgz#8fa8cf0411a1a31afd07b06d2902bb9fc815a133"

jquery.easing@^1.4.1:
  version "1.4.1"
  resolved "https://registry.yarnpkg.com/jquery.easing/-/jquery.easing-1.4.1.tgz#47982c5836bd758fd48494923c4a101ef6e93e3b"

jquery@^3.2.1:
  version "3.2.1"
  resolved "https://registry.yarnpkg.com/jquery/-/jquery-3.2.1.tgz#5c4d9de652af6cd0a770154a631bba12b015c787"

popper.js@1.12.3:
  version "1.12.3"
  resolved "https://registry.yarnpkg.com/popper.js/-/popper.js-1.12.3.tgz#e46a99c52e74e310411df505d820b61bdbe7eaee"

startbootstrap-freelancer@^4.0.0-beta:
  version "4.0.0-beta"
  resolved "https://registry.yarnpkg.com/startbootstrap-freelancer/-/startbootstrap-freelancer-4.0.0-beta.tgz#ee1081ea7491f914e3954afc83d28fe4412006e2"
  dependencies:
    bootstrap "^4.0.0-beta"
    font-awesome "4.7.0"
    jquery "^3.2.1"
    jquery.easing "^1.4.1"
    popper.js "1.12.3"
